# This file is automatically @generated by Cargo.
# It is not intended for manual editing.
version = 4

[[package]]
name = "rep"
version = "0.1.0"
dependencies = [
 "yafp",
]

[[package]]
name = "yafp"
version = "0.2.0"
source = "registry+https://github.com/rust-lang/crates.io-index"
checksum = "dd1b1d327fe735abc750cf5de53969c3b443bd88fe21cf7e9e2c2c7ae7002054"
